// !$*UTF8*$!
{
	archiveVersion = 1;
	classes = {
	};
	objectVersion = 39;
	objects = {
		089C1669FE841209C02AAC07 = {
			buildSettings = {
			};
			buildStyles = (
				4F9091AC011F3BD104CA0E50,
				4F9091AD011F3BD104CA0E50,
			);
			hasScannedForEncodings = 1;
			isa = PBXProject;
			mainGroup = 089C166AFE841209C02AAC07;
			projectDirPath = "";
			targets = (
				8D01CCC60486CAD60068D4B7,
			);
		};
		089C166AFE841209C02AAC07 = {
			children = (
				08FB77ADFE841716C02AAC07,
				089C167CFE841241C02AAC07,
				089C1671FE841209C02AAC07,
				19C28FB4FE9D528D11CA2CBB,
			);
			isa = PBXGroup;
			name = Haas;
			refType = 4;
			sourceTree = "<group>";
		};
		089C1671FE841209C02AAC07 = {
			children = (
				08EA7FFBFE8413EDC02AAC07,
			);
			isa = PBXGroup;
			name = "External Frameworks and Libraries";
			refType = 4;
			sourceTree = "<group>";
		};
		089C167CFE841241C02AAC07 = {
			children = (
				8D01CCD10486CAD60068D4B7,
				2173618F0983223A00725A35,
			);
			isa = PBXGroup;
			name = Resources;
			refType = 4;
			sourceTree = "<group>";
		};
		08EA7FFBFE8413EDC02AAC07 = {
			isa = PBXFileReference;
			lastKnownFileType = wrapper.framework;
			name = Carbon.framework;
			path = /System/Library/Frameworks/Carbon.framework;
			refType = 0;
			sourceTree = "<absolute>";
		};
		08FB77ADFE841716C02AAC07 = {
			children = (
				2173616209831FDD00725A35,
				2173616509831FE600725A35,
			);
			isa = PBXGroup;
			name = Source;
			refType = 4;
			sourceTree = "<group>";
		};
//080
//081
//082
//083
//084
//190
//191
//192
//193
//194
		19C28FB4FE9D528D11CA2CBB = {
			children = (
				8D01CCD20486CAD60068D4B7,
			);
			isa = PBXGroup;
			name = Products;
			refType = 4;
			sourceTree = "<group>";
		};
//190
//191
//192
//193
//194
//210
//211
//212
//213
//214
		2173616209831FDD00725A35 = {
			children = (
				2173617F0983205C00725A35,
				217361800983205C00725A35,
			);
			isa = PBXGroup;
			name = Haas;
			refType = 4;
			sourceTree = "<group>";
		};
		2173616509831FE600725A35 = {
			children = (
				217361660983200500725A35,
			);
			isa = PBXGroup;
			name = VST;
			refType = 4;
			sourceTree = "<group>";
		};
		217361660983200500725A35 = {
			children = (
				217361670983200500725A35,
				217361680983200500725A35,
				217361690983200500725A35,
				2173616C0983200500725A35,
				2173616D0983200500725A35,
				2173616E0983200500725A35,
				2173616F0983200500725A35,
			);
			isa = PBXGroup;
			name = common;
			path = ../../../VST/source/common;
			refType = 2;
			sourceTree = SOURCE_ROOT;
		};
		217361670983200500725A35 = {
			fileEncoding = 30;
			isa = PBXFileReference;
			lastKnownFileType = sourcecode.c.h;
			path = AEffect.h;
			refType = 4;
			sourceTree = "<group>";
		};
		217361680983200500725A35 = {
			fileEncoding = 30;
			isa = PBXFileReference;
			lastKnownFileType = sourcecode.c.h;
			path = aeffectx.h;
			refType = 4;
			sourceTree = "<group>";
		};
		217361690983200500725A35 = {
			fileEncoding = 30;
			isa = PBXFileReference;
			lastKnownFileType = sourcecode.cpp.h;
			path = AEffEditor.hpp;
			refType = 4;
			sourceTree = "<group>";
		};
		2173616C0983200500725A35 = {
			fileEncoding = 30;
			isa = PBXFileReference;
			lastKnownFileType = sourcecode.cpp.cpp;
			path = AudioEffect.cpp;
			refType = 4;
			sourceTree = "<group>";
		};
		2173616D0983200500725A35 = {
			fileEncoding = 30;
			isa = PBXFileReference;
			lastKnownFileType = sourcecode.cpp.h;
			path = AudioEffect.hpp;
			refType = 4;
			sourceTree = "<group>";
		};
		2173616E0983200500725A35 = {
			fileEncoding = 30;
			isa = PBXFileReference;
			lastKnownFileType = sourcecode.cpp.cpp;
			path = audioeffectx.cpp;
			refType = 4;
			sourceTree = "<group>";
		};
		2173616F0983200500725A35 = {
			fileEncoding = 30;
			isa = PBXFileReference;
			lastKnownFileType = sourcecode.c.h;
			path = audioeffectx.h;
			refType = 4;
			sourceTree = "<group>";
		};
		2173617A0983200500725A35 = {
			fileRef = 2173616C0983200500725A35;
			isa = PBXBuildFile;
			settings = {
			};
		};
		2173617B0983200500725A35 = {
			fileRef = 2173616E0983200500725A35;
			isa = PBXBuildFile;
			settings = {
			};
		};
		2173617F0983205C00725A35 = {
			fileEncoding = 30;
			isa = PBXFileReference;
			lastKnownFileType = sourcecode.cpp.cpp;
			name = "haas-vst.cc";
			path = "../haas-vst.cc";
			refType = 2;
			sourceTree = SOURCE_ROOT;
		};
		217361800983205C00725A35 = {
			fileEncoding = 30;
			isa = PBXFileReference;
			lastKnownFileType = sourcecode.c.h;
			name = "haas-vst.h";
			path = "../haas-vst.h";
			refType = 2;
			sourceTree = SOURCE_ROOT;
		};
		217361810983205C00725A35 = {
			fileRef = 2173617F0983205C00725A35;
			isa = PBXBuildFile;
			settings = {
			};
		};
		2173618F0983223A00725A35 = {
			fileEncoding = 30;
			isa = PBXFileReference;
			lastKnownFileType = text;
			path = PkgInfo;
			refType = 4;
			sourceTree = "<group>";
		};
		217361900983223A00725A35 = {
			fileRef = 2173618F0983223A00725A35;
			isa = PBXBuildFile;
			settings = {
			};
		};
//210
//211
//212
//213
//214
//4F0
//4F1
//4F2
//4F3
//4F4
		4F9091AC011F3BD104CA0E50 = {
			buildSettings = {
				COPY_PHASE_STRIP = NO;
				GCC_DYNAMIC_NO_PIC = NO;
				GCC_ENABLE_FIX_AND_CONTINUE = YES;
				GCC_GENERATE_DEBUGGING_SYMBOLS = YES;
				GCC_OPTIMIZATION_LEVEL = 0;
				ZERO_LINK = YES;
			};
			isa = PBXBuildStyle;
			name = Development;
		};
		4F9091AD011F3BD104CA0E50 = {
			buildSettings = {
				COPY_PHASE_STRIP = YES;
				GCC_ENABLE_FIX_AND_CONTINUE = NO;
				ZERO_LINK = NO;
			};
			isa = PBXBuildStyle;
			name = Deployment;
		};
//4F0
//4F1
//4F2
//4F3
//4F4
//8D0
//8D1
//8D2
//8D3
//8D4
		8D01CCC60486CAD60068D4B7 = {
			buildPhases = (
				8D01CCC90486CAD60068D4B7,
				8D01CCCB0486CAD60068D4B7,
				8D01CCCD0486CAD60068D4B7,
			);
			buildRules = (
			);
			buildSettings = {
				GCC_GENERATE_DEBUGGING_SYMBOLS = NO;
				GCC_PRECOMPILE_PREFIX_HEADER = NO;
				GCC_PREFIX_HEADER = "";
				HEADER_SEARCH_PATHS = "~/src/VST/ ../../common";
				INFOPLIST_FILE = Info.plist;
				INSTALL_PATH = "$(HOME)/Library/Audio/Plug-Ins/VST/";
				PRODUCT_NAME = Haas;
				WRAPPER_EXTENSION = vst;
			};
			dependencies = (
			);
			isa = PBXNativeTarget;
			name = Haas;
			productInstallPath = "$(HOME)/Library/Bundles";
			productName = Haas;
			productReference = 8D01CCD20486CAD60068D4B7;
			productType = "com.apple.product-type.bundle";
		};
		8D01CCC90486CAD60068D4B7 = {
			buildActionMask = 2147483647;
			files = (
				217361900983223A00725A35,
			);
			isa = PBXResourcesBuildPhase;
			runOnlyForDeploymentPostprocessing = 0;
		};
		8D01CCCB0486CAD60068D4B7 = {
			buildActionMask = 2147483647;
			files = (
				2173617A0983200500725A35,
				2173617B0983200500725A35,
				217361810983205C00725A35,
			);
			isa = PBXSourcesBuildPhase;
			runOnlyForDeploymentPostprocessing = 0;
		};
		8D01CCCD0486CAD60068D4B7 = {
			buildActionMask = 2147483647;
			files = (
				8D01CCCE0486CAD60068D4B7,
			);
			isa = PBXFrameworksBuildPhase;
			runOnlyForDeploymentPostprocessing = 0;
		};
		8D01CCCE0486CAD60068D4B7 = {
			fileRef = 08EA7FFBFE8413EDC02AAC07;
			isa = PBXBuildFile;
			settings = {
			};
		};
		8D01CCD10486CAD60068D4B7 = {
			fileEncoding = 4;
			isa = PBXFileReference;
			lastKnownFileType = text.plist;
			path = Info.plist;
			refType = 4;
			sourceTree = "<group>";
		};
		8D01CCD20486CAD60068D4B7 = {
			explicitFileType = wrapper.cfbundle;
			includeInIndex = 0;
			isa = PBXFileReference;
			path = Haas.vst;
			refType = 3;
			sourceTree = BUILT_PRODUCTS_DIR;
		};
	};
	rootObject = 089C1669FE841209C02AAC07;
}
